// !$*UTF8*$!
{
	archiveVersion = 1;
	classes = {
	};
	objectVersion = 46;
	objects = {

/* Begin PBXBuildFile section */
		E93747F51E252A8C000028FC /* main.m in Sources */ = {isa = PBXBuildFile; fileRef = E93747F41E252A8C000028FC /* main.m */; };
		E93747F81E252A8C000028FC /* AppDelegate.m in Sources */ = {isa = PBXBuildFile; fileRef = E93747F71E252A8C000028FC /* AppDelegate.m */; };
		E93747FB1E252A8C000028FC /* ViewController.m in Sources */ = {isa = PBXBuildFile; fileRef = E93747FA1E252A8C000028FC /* ViewController.m */; };
		E93747FE1E252A8C000028FC /* Main.storyboard in Resources */ = {isa = PBXBuildFile; fileRef = E93747FC1E252A8C000028FC /* Main.storyboard */; };
		E93748001E252A8C000028FC /* Assets.xcassets in Resources */ = {isa = PBXBuildFile; fileRef = E93747FF1E252A8C000028FC /* Assets.xcassets */; };
		E93748031E252A8C000028FC /* LaunchScreen.storyboard in Resources */ = {isa = PBXBuildFile; fileRef = E93748011E252A8C000028FC /* LaunchScreen.storyboard */; };
		E95EDFD71E26826E007DC5DD /* me.jpg in Resources */ = {isa = PBXBuildFile; fileRef = E95EDFD61E26826E007DC5DD /* me.jpg */; };
		E9967F5F1E269BB400284C70 /* cat1.jpeg in Resources */ = {isa = PBXBuildFile; fileRef = E9967F591E269BB400284C70 /* cat1.jpeg */; };
		E9967F601E269BB400284C70 /* cat2.jpeg in Resources */ = {isa = PBXBuildFile; fileRef = E9967F5A1E269BB400284C70 /* cat2.jpeg */; };
		E9967F611E269BB400284C70 /* cat3.jpeg in Resources */ = {isa = PBXBuildFile; fileRef = E9967F5B1E269BB400284C70 /* cat3.jpeg */; };
		E9967F621E269BB400284C70 /* cat4.jpeg in Resources */ = {isa = PBXBuildFile; fileRef = E9967F5C1E269BB400284C70 /* cat4.jpeg */; };
		E9967F631E269BB400284C70 /* cat5.jpeg in Resources */ = {isa = PBXBuildFile; fileRef = E9967F5D1E269BB400284C70 /* cat5.jpeg */; };
		E9967F641E269BB400284C70 /* cat6.jpeg in Resources */ = {isa = PBXBuildFile; fileRef = E9967F5E1E269BB400284C70 /* cat6.jpeg */; };
/* End PBXBuildFile section */

/* Begin PBXFileReference section */
		E93747F01E252A8C000028FC /* Labb1.app */ = {isa = PBXFileReference; explicitFileType = wrapper.application; includeInIndex = 0; path = Labb1.app; sourceTree = BUILT_PRODUCTS_DIR; };
		E93747F41E252A8C000028FC /* main.m */ = {isa = PBXFileReference; lastKnownFileType = sourcecode.c.objc; path = main.m; sourceTree = "<group>"; };
		E93747F61E252A8C000028FC /* AppDelegate.h */ = {isa = PBXFileReference; lastKnownFileType = sourcecode.c.h; path = AppDelegate.h; sourceTree = "<group>"; };
		E93747F71E252A8C000028FC /* AppDelegate.m */ = {isa = PBXFileReference; lastKnownFileType = sourcecode.c.objc; path = AppDelegate.m; sourceTree = "<group>"; };
		E93747F91E252A8C000028FC /* ViewController.h */ = {isa = PBXFileReference; lastKnownFileType = sourcecode.c.h; path = ViewController.h; sourceTree = "<group>"; };
		E93747FA1E252A8C000028FC /* ViewController.m */ = {isa = PBXFileReference; lastKnownFileType = sourcecode.c.objc; path = ViewController.m; sourceTree = "<group>"; };
		E93747FD1E252A8C000028FC /* Base */ = {isa = PBXFileReference; lastKnownFileType = file.storyboard; name = Base; path = Base.lproj/Main.storyboard; sourceTree = "<group>"; };
		E93747FF1E252A8C000028FC /* Assets.xcassets */ = {isa = PBXFileReference; lastKnownFileType = folder.assetcatalog; path = Assets.xcassets; sourceTree = "<group>"; };
		E93748021E252A8C000028FC /* Base */ = {isa = PBXFileReference; lastKnownFileType = file.storyboard; name = Base; path = Base.lproj/LaunchScreen.storyboard; sourceTree = "<group>"; };
		E93748041E252A8C000028FC /* Info.plist */ = {isa = PBXFileReference; lastKnownFileType = text.plist.xml; path = Info.plist; sourceTree = "<group>"; };
		E95EDFD61E26826E007DC5DD /* me.jpg */ = {isa = PBXFileReference; lastKnownFileType = image.jpeg; name = me.jpg; path = ../../../Desktop/me.jpg; sourceTree = "<group>"; };
		E9967F591E269BB400284C70 /* cat1.jpeg */ = {isa = PBXFileReference; lastKnownFileType = image.jpeg; name = cat1.jpeg; path = ../../../Desktop/cat1.jpeg; sourceTree = "<group>"; };
		E9967F5A1E269BB400284C70 /* cat2.jpeg */ = {isa = PBXFileReference; lastKnownFileType = image.jpeg; name = cat2.jpeg; path = ../../../Desktop/cat2.jpeg; sourceTree = "<group>"; };
		E9967F5B1E269BB400284C70 /* cat3.jpeg */ = {isa = PBXFileReference; lastKnownFileType = image.jpeg; name = cat3.jpeg; path = ../../../Desktop/cat3.jpeg; sourceTree = "<group>"; };
		E9967F5C1E269BB400284C70 /* cat4.jpeg */ = {isa = PBXFileReference; lastKnownFileType = image.jpeg; name = cat4.jpeg; path = ../../../Desktop/cat4.jpeg; sourceTree = "<group>"; };
		E9967F5D1E269BB400284C70 /* cat5.jpeg */ = {isa = PBXFileReference; lastKnownFileType = image.jpeg; name = cat5.jpeg; path = ../../../Desktop/cat5.jpeg; sourceTree = "<group>"; };
		E9967F5E1E269BB400284C70 /* cat6.jpeg */ = {isa = PBXFileReference; lastKnownFileType = image.jpeg; name = cat6.jpeg; path = ../../../Desktop/cat6.jpeg; sourceTree = "<group>"; };
/* End PBXFileReference section */

/* Begin PBXFrameworksBuildPhase section */
		E93747ED1E252A8C000028FC /* Frameworks */ = {
			isa = PBXFrameworksBuildPhase;
			buildActionMask = 2147483647;
			files = (
			);
			runOnlyForDeploymentPostprocessing = 0;
		};
/* End PBXFrameworksBuildPhase section */

/* Begin PBXGroup section */
		E93747E71E252A8C000028FC = {
			isa = PBXGroup;
			children = (
				E93747F21E252A8C000028FC /* Labb1 */,
				E93747F11E252A8C000028FC /* Products */,
			);
			sourceTree = "<group>";
		};
		E93747F11E252A8C000028FC /* Products */ = {
			isa = PBXGroup;
			children = (
				E93747F01E252A8C000028FC /* Labb1.app */,
			);
			name = Products;
			sourceTree = "<group>";
		};
		E93747F21E252A8C000028FC /* Labb1 */ = {
			isa = PBXGroup;
			children = (
				E93747F61E252A8C000028FC /* AppDelegate.h */,
				E93747F71E252A8C000028FC /* AppDelegate.m */,
				E93747F91E252A8C000028FC /* ViewController.h */,
				E93747FA1E252A8C000028FC /* ViewController.m */,
				E93747FC1E252A8C000028FC /* Main.storyboard */,
				E93747FF1E252A8C000028FC /* Assets.xcassets */,
				E93748011E252A8C000028FC /* LaunchScreen.storyboard */,
				E93748041E252A8C000028FC /* Info.plist */,
				E93747F31E252A8C000028FC /* Supporting Files */,
			);
			path = Labb1;
			sourceTree = "<group>";
		};
		E93747F31E252A8C000028FC /* Supporting Files */ = {
			isa = PBXGroup;
			children = (
				E9967F591E269BB400284C70 /* cat1.jpeg */,
				E9967F5A1E269BB400284C70 /* cat2.jpeg */,
				E9967F5B1E269BB400284C70 /* cat3.jpeg */,
				E9967F5C1E269BB400284C70 /* cat4.jpeg */,
				E9967F5D1E269BB400284C70 /* cat5.jpeg */,
				E9967F5E1E269BB400284C70 /* cat6.jpeg */,
				E95EDFD61E26826E007DC5DD /* me.jpg */,
				E93747F41E252A8C000028FC /* main.m */,
			);
			name = "Supporting Files";
			sourceTree = "<group>";
		};
/* End PBXGroup section */

/* Begin PBXNativeTarget section */
		E93747EF1E252A8C000028FC /* Labb1 */ = {
			isa = PBXNativeTarget;
			buildConfigurationList = E93748071E252A8C000028FC /* Build configuration list for PBXNativeTarget "Labb1" */;
			buildPhases = (
				E93747EC1E252A8C000028FC /* Sources */,
				E93747ED1E252A8C000028FC /* Frameworks */,
				E93747EE1E252A8C000028FC /* Resources */,
			);
			buildRules = (
			);
			dependencies = (
			);
			name = Labb1;
			productName = Labb1;
			productReference = E93747F01E252A8C000028FC /* Labb1.app */;
			productType = "com.apple.product-type.application";
		};
/* End PBXNativeTarget section */

/* Begin PBXProject section */
		E93747E81E252A8C000028FC /* Project object */ = {
			isa = PBXProject;
			attributes = {
				LastUpgradeCheck = 0820;
				ORGANIZATIONNAME = "Dervis Kilic";
				TargetAttributes = {
					E93747EF1E252A8C000028FC = {
						CreatedOnToolsVersion = 8.2.1;
						DevelopmentTeam = 8N6T6BSAZ9;
						ProvisioningStyle = Automatic;
					};
				};
			};
			buildConfigurationList = E93747EB1E252A8C000028FC /* Build configuration list for PBXProject "Labb1" */;
			compatibilityVersion = "Xcode 3.2";
			developmentRegion = English;
			hasScannedForEncodings = 0;
			knownRegions = (
				en,
				Base,
			);
			mainGroup = E93747E71E252A8C000028FC;
			productRefGroup = E93747F11E252A8C000028FC /* Products */;
			projectDirPath = "";
			projectRoot = "";
			targets = (
				E93747EF1E252A8C000028FC /* Labb1 */,
			);
		};
/* End PBXProject section */

/* Begin PBXResourcesBuildPhase section */
		E93747EE1E252A8C000028FC /* Resources */ = {
			isa = PBXResourcesBuildPhase;
			buildActionMask = 2147483647;
			files = (
				E9967F5F1E269BB400284C70 /* cat1.jpeg in Resources */,
				E9967F621E269BB400284C70 /* cat4.jpeg in Resources */,
				E9967F601E269BB400284C70 /* cat2.jpeg in Resources */,
				E93748031E252A8C000028FC /* LaunchScreen.storyboard in Resources */,
				E93748001E252A8C000028FC /* Assets.xcassets in Resources */,
				E9967F641E269BB400284C70 /* cat6.jpeg in Resources */,
				E9967F611E269BB400284C70 /* cat3.jpeg in Resources */,
				E93747FE1E252A8C000028FC /* Main.storyboard in Resources */,
				E9967F631E269BB400284C70 /* cat5.jpeg in Resources */,
				E95EDFD71E26826E007DC5DD /* me.jpg in Resources */,
			);
			runOnlyForDeploymentPostprocessing = 0;
		};
/* End PBXResourcesBuildPhase section */

/* Begin PBXSourcesBuildPhase section */
		E93747EC1E252A8C000028FC /* Sources */ = {
			isa = PBXSourcesBuildPhase;
			buildActionMask = 2147483647;
			files = (
				E93747FB1E252A8C000028FC /* ViewController.m in Sources */,
				E93747F81E252A8C000028FC /* AppDelegate.m in Sources */,
				E93747F51E252A8C000028FC /* main.m in Sources */,
			);
			runOnlyForDeploymentPostprocessing = 0;
		};
/* End PBXSourcesBuildPhase section */

/* Begin PBXVariantGroup section */
		E93747FC1E252A8C000028FC /* Main.storyboard */ = {
			isa = PBXVariantGroup;
			children = (
				E93747FD1E252A8C000028FC /* Base */,
			);
			name = Main.storyboard;
			sourceTree = "<group>";
		};
		E93748011E252A8C000028FC /* LaunchScreen.storyboard */ = {
			isa = PBXVariantGroup;
			children = (
				E93748021E252A8C000028FC /* Base */,
			);
			name = LaunchScreen.storyboard;
			sourceTree = "<group>";
		};
/* End PBXVariantGroup section */

/* Begin XCBuildConfiguration section */
		E93748051E252A8C000028FC /* Debug */ = {
			isa = XCBuildConfiguration;
			buildSettings = {
				ALWAYS_SEARCH_USER_PATHS = NO;
				CLANG_ANALYZER_NONNULL = YES;
				CLANG_CXX_LANGUAGE_STANDARD = "gnu++0x";
				CLANG_CXX_LIBRARY = "libc++";
				CLANG_ENABLE_MODULES = YES;
				CLANG_ENABLE_OBJC_ARC = YES;
				CLANG_WARN_BOOL_CONVERSION = YES;
				CLANG_WARN_CONSTANT_CONVERSION = YES;
				CLANG_WARN_DIRECT_OBJC_ISA_USAGE = YES_ERROR;
				CLANG_WARN_DOCUMENTATION_COMMENTS = YES;
				CLANG_WARN_EMPTY_BODY = YES;
				CLANG_WARN_ENUM_CONVERSION = YES;
				CLANG_WARN_INFINITE_RECURSION = YES;
				CLANG_WARN_INT_CONVERSION = YES;
				CLANG_WARN_OBJC_ROOT_CLASS = YES_ERROR;
				CLANG_WARN_SUSPICIOUS_MOVE = YES;
				CLANG_WARN_UNREACHABLE_CODE = YES;
				CLANG_WARN__DUPLICATE_METHOD_MATCH = YES;
				"CODE_SIGN_IDENTITY[sdk=iphoneos*]" = "iPhone Developer";
				COPY_PHASE_STRIP = NO;
				DEBUG_INFORMATION_FORMAT = dwarf;
				ENABLE_STRICT_OBJC_MSGSEND = YES;
				ENABLE_TESTABILITY = YES;
				GCC_C_LANGUAGE_STANDARD = gnu99;
				GCC_DYNAMIC_NO_PIC = NO;
				GCC_NO_COMMON_BLOCKS = YES;
				GCC_OPTIMIZATION_LEVEL = 0;
				GCC_PREPROCESSOR_DEFINITIONS = (
					"DEBUG=1",
					"$(inherited)",
				);
				GCC_WARN_64_TO_32_BIT_CONVERSION = YES;
				GCC_WARN_ABOUT_RETURN_TYPE = YES_ERROR;
				GCC_WARN_UNDECLARED_SELECTOR = YES;
				GCC_WARN_UNINITIALIZED_AUTOS = YES_AGGRESSIVE;
				GCC_WARN_UNUSED_FUNCTION = YES;
				GCC_WARN_UNUSED_VARIABLE = YES;
				IPHONEOS_DEPLOYMENT_TARGET = 10.2;
				MTL_ENABLE_DEBUG_INFO = YES;
				ONLY_ACTIVE_ARCH = YES;
				SDKROOT = iphoneos;
			};
			name = Debug;
		};
		E93748061E252A8C000028FC /* Release */ = {
			isa = XCBuildConfiguration;
			buildSettings = {
				ALWAYS_SEARCH_USER_PATHS = NO;
				CLANG_ANALYZER_NONNULL = YES;
				CLANG_CXX_LANGUAGE_STANDARD = "gnu++0x";
				CLANG_CXX_LIBRARY = "libc++";
				CLANG_ENABLE_MODULES = YES;
				CLANG_ENABLE_OBJC_ARC = YES;
				CLANG_WARN_BOOL_CONVERSION = YES;
				CLANG_WARN_CONSTANT_CONVERSION = YES;
				CLANG_WARN_DIRECT_OBJC_ISA_USAGE = YES_ERROR;
				CLANG_WARN_DOCUMENTATION_COMMENTS = YES;
				CLANG_WARN_EMPTY_BODY = YES;
				CLANG_WARN_ENUM_CONVERSION = YES;
				CLANG_WARN_INFINITE_RECURSION = YES;
				CLANG_WARN_INT_CONVERSION = YES;
				CLANG_WARN_OBJC_ROOT_CLASS = YES_ERROR;
				CLANG_WARN_SUSPICIOUS_MOVE = YES;
				CLANG_WARN_UNREACHABLE_CODE = YES;
				CLANG_WARN__DUPLICATE_METHOD_MATCH = YES;
				"CODE_SIGN_IDENTITY[sdk=iphoneos*]" = "iPhone Developer";
				COPY_PHASE_STRIP = NO;
				DEBUG_INFORMATION_FORMAT = "dwarf-with-dsym";
				ENABLE_NS_ASSERTIONS = NO;
				ENABLE_STRICT_OBJC_MSGSEND = YES;
				GCC_C_LANGUAGE_STANDARD = gnu99;
				GCC_NO_COMMON_BLOCKS = YES;
				GCC_WARN_64_TO_32_BIT_CONVERSION = YES;
				GCC_WARN_ABOUT_RETURN_TYPE = YES_ERROR;
				GCC_WARN_UNDECLARED_SELECTOR = YES;
				GCC_WARN_UNINITIALIZED_AUTOS = YES_AGGRESSIVE;
				GCC_WARN_UNUSED_FUNCTION = YES;
				GCC_WARN_UNUSED_VARIABLE = YES;
				IPHONEOS_DEPLOYMENT_TARGET = 10.2;
				MTL_ENABLE_DEBUG_INFO = NO;
				SDKROOT = iphoneos;
				VALIDATE_PRODUCT = YES;
			};
			name = Release;
		};
		E93748081E252A8C000028FC /* Debug */ = {
			isa = XCBuildConfiguration;
			buildSettings = {
				ASSETCATALOG_COMPILER_APPICON_NAME = AppIcon;
				DEVELOPMENT_TEAM = 8N6T6BSAZ9;
				INFOPLIST_FILE = Labb1/Info.plist;
				LD_RUNPATH_SEARCH_PATHS = "$(inherited) @executable_path/Frameworks";
				PRODUCT_BUNDLE_IDENTIFIER = DK.Labb1;
				PRODUCT_NAME = "$(TARGET_NAME)";
			};
			name = Debug;
		};
		E93748091E252A8C000028FC /* Release */ = {
			isa = XCBuildConfiguration;
			buildSettings = {
				ASSETCATALOG_COMPILER_APPICON_NAME = AppIcon;
				DEVELOPMENT_TEAM = 8N6T6BSAZ9;
				INFOPLIST_FILE = Labb1/Info.plist;
				LD_RUNPATH_SEARCH_PATHS = "$(inherited) @executable_path/Frameworks";
				PRODUCT_BUNDLE_IDENTIFIER = DK.Labb1;
				PRODUCT_NAME = "$(TARGET_NAME)";
			};
			name = Release;
		};
/* End XCBuildConfiguration section */

/* Begin XCConfigurationList section */
		E93747EB1E252A8C000028FC /* Build configuration list for PBXProject "Labb1" */ = {
			isa = XCConfigurationList;
			buildConfigurations = (
				E93748051E252A8C000028FC /* Debug */,
				E93748061E252A8C000028FC /* Release */,
			);
			defaultConfigurationIsVisible = 0;
			defaultConfigurationName = Release;
		};
		E93748071E252A8C000028FC /* Build configuration list for PBXNativeTarget "Labb1" */ = {
			isa = XCConfigurationList;
			buildConfigurations = (
				E93748081E252A8C000028FC /* Debug */,
				E93748091E252A8C000028FC /* Release */,
			);
			defaultConfigurationIsVisible = 0;
			defaultConfigurationName = Release;
		};
/* End XCConfigurationList section */
	};
	rootObject = E93747E81E252A8C000028FC /* Project object */;
}
